
Microsoft Visual Studio Solution File, Format Version 12.00
# Visual Studio Version 17
VisualStudioVersion = 17.0.32228.444
MinimumVisualStudioVersion = 10.0.40219.1
Project("{9A19103F-16F7-4668-BE54-9A1E7A4F7556}") = "TopTenPopulation", "TopTenPopulation.csproj", "{BE744219-67AF-4834-B3EC-6CB046A79807}"
EndProject
Project("{FAE04EC0-301F-11D3-BF4B-00C04F79EFBC}") = "DaysOfWeekList", "..\DaysOfWeekList\DaysOfWeekList.csproj", "{861FBCEE-6500-4869-A6CD-6C8BA13EEB98}"
EndProject
Global
	GlobalSection(SolutionConfigurationPlatforms) = preSolution
		Debug|Any CPU = Debug|Any CPU
		Release|Any CPU = Release|Any CPU
	EndGlobalSection
	GlobalSection(ProjectConfigurationPlatforms) = postSolution
		{BE744219-67AF-4834-B3EC-6CB046A79807}.Debug|Any CPU.ActiveCfg = Debug|Any CPU
		{BE744219-67AF-4834-B3EC-6CB046A79807}.Debug|Any CPU.Build.0 = Debug|Any CPU
		{BE744219-67AF-4834-B3EC-6CB046A79807}.Release|Any CPU.ActiveCfg = Release|Any CPU
		{BE744219-67AF-4834-B3EC-6CB046A79807}.Release|Any CPU.Build.0 = Release|Any CPU
		{861FBCEE-6500-4869-A6CD-6C8BA13EEB98}.Debug|Any CPU.ActiveCfg = Debug|Any CPU
		{861FBCEE-6500-4869-A6CD-6C8BA13EEB98}.Debug|Any CPU.Build.0 = Debug|Any CPU
		{861FBCEE-6500-4869-A6CD-6C8BA13EEB98}.Release|Any CPU.ActiveCfg = Release|Any CPU
		{861FBCEE-6500-4869-A6CD-6C8BA13EEB98}.Release|Any CPU.Build.0 = Release|Any CPU
	EndGlobalSection
	GlobalSection(SolutionProperties) = preSolution
		HideSolutionNode = FALSE
	EndGlobalSection
	GlobalSection(ExtensibilityGlobals) = postSolution
		SolutionGuid = {54578C7E-357C-4138-8C6D-4ED960D8197C}
	EndGlobalSection
EndGlobal
