
Microsoft Visual Studio Solution File, Format Version 12.00
# Visual Studio Version 17
VisualStudioVersion = 17.0.32228.444
MinimumVisualStudioVersion = 10.0.40219.1
Project("{FAE04EC0-301F-11D3-BF4B-00C04F79EFBC}") = "PopulationOfCountries", "PopulationOfCountries.csproj", "{3ADF3FCB-79AE-46C6-99C9-B068AF9FE01E}"
EndProject
Global
	GlobalSection(SolutionConfigurationPlatforms) = preSolution
		Debug|Any CPU = Debug|Any CPU
		Release|Any CPU = Release|Any CPU
	EndGlobalSection
	GlobalSection(ProjectConfigurationPlatforms) = postSolution
		{3ADF3FCB-79AE-46C6-99C9-B068AF9FE01E}.Debug|Any CPU.ActiveCfg = Debug|Any CPU
		{3ADF3FCB-79AE-46C6-99C9-B068AF9FE01E}.Debug|Any CPU.Build.0 = Debug|Any CPU
		{3ADF3FCB-79AE-46C6-99C9-B068AF9FE01E}.Release|Any CPU.ActiveCfg = Release|Any CPU
		{3ADF3FCB-79AE-46C6-99C9-B068AF9FE01E}.Release|Any CPU.Build.0 = Release|Any CPU
	EndGlobalSection
	GlobalSection(SolutionProperties) = preSolution
		HideSolutionNode = FALSE
	EndGlobalSection
	GlobalSection(ExtensibilityGlobals) = postSolution
		SolutionGuid = {64DDAAA6-6CF6-4D9D-B70D-D97B9B0EE5ED}
	EndGlobalSection
EndGlobal
